
Microsoft Visual Studio Solution File, Format Version 12.00
# Visual Studio Version 17
VisualStudioVersion = 17.8.34316.72
MinimumVisualStudioVersion = 10.0.40219.1
Project("{FAE04EC0-301F-11D3-BF4B-00C04F79EFBC}") = "ODISApi", "ODISApi.csproj", "{FAF4AA53-D5DE-48F6-8777-A0A4D4BD015D}"
EndProject
Global
	GlobalSection(SolutionConfigurationPlatforms) = preSolution
		Debug|Any CPU = Debug|Any CPU
		Release|Any CPU = Release|Any CPU
	EndGlobalSection
	GlobalSection(ProjectConfigurationPlatforms) = postSolution
		{FAF4AA53-D5DE-48F6-8777-A0A4D4BD015D}.Debug|Any CPU.ActiveCfg = Debug|Any CPU
		{FAF4AA53-D5DE-48F6-8777-A0A4D4BD015D}.Debug|Any CPU.Build.0 = Debug|Any CPU
		{FAF4AA53-D5DE-48F6-8777-A0A4D4BD015D}.Release|Any CPU.ActiveCfg = Release|Any CPU
		{FAF4AA53-D5DE-48F6-8777-A0A4D4BD015D}.Release|Any CPU.Build.0 = Release|Any CPU
	EndGlobalSection
	GlobalSection(SolutionProperties) = preSolution
		HideSolutionNode = FALSE
	EndGlobalSection
	GlobalSection(ExtensibilityGlobals) = postSolution
		SolutionGuid = {B7339901-F94F-4F72-9075-5522A38975FE}
	EndGlobalSection
EndGlobal
